
Microsoft Visual Studio Solution File, Format Version 12.00
# Visual Studio Version 17
VisualStudioVersion = 17.7.34202.233
MinimumVisualStudioVersion = 10.0.40219.1
Project("{FAE04EC0-301F-11D3-BF4B-00C04F79EFBC}") = "GitDemoApp", "GitDemoApp\GitDemoApp.csproj", "{E6AA38AA-D85D-4439-A4C5-9167D5A98300}"
EndProject
Global
	GlobalSection(SolutionConfigurationPlatforms) = preSolution
		Debug|Any CPU = Debug|Any CPU
		Release|Any CPU = Release|Any CPU
	EndGlobalSection
	GlobalSection(ProjectConfigurationPlatforms) = postSolution
		{E6AA38AA-D85D-4439-A4C5-9167D5A98300}.Debug|Any CPU.ActiveCfg = Debug|Any CPU
		{E6AA38AA-D85D-4439-A4C5-9167D5A98300}.Debug|Any CPU.Build.0 = Debug|Any CPU
		{E6AA38AA-D85D-4439-A4C5-9167D5A98300}.Release|Any CPU.ActiveCfg = Release|Any CPU
		{E6AA38AA-D85D-4439-A4C5-9167D5A98300}.Release|Any CPU.Build.0 = Release|Any CPU
	EndGlobalSection
	GlobalSection(SolutionProperties) = preSolution
		HideSolutionNode = FALSE
	EndGlobalSection
	GlobalSection(ExtensibilityGlobals) = postSolution
		SolutionGuid = {C21ED358-9F13-4814-9811-BB8EE5FB1E5F}
	EndGlobalSection
EndGlobal
